
Microsoft Visual Studio Solution File, Format Version 12.00
# Visual Studio Version 17
VisualStudioVersion = 17.13.35931.197 d17.13
MinimumVisualStudioVersion = 10.0.40219.1
Project("{FAE04EC0-301F-11D3-BF4B-00C04F79EFBC}") = "ConsoleApp4", "ConsoleApp4\ConsoleApp4.csproj", "{9B645F93-AE66-4F06-8E2C-692529E49027}"
EndProject
Global
	GlobalSection(SolutionConfigurationPlatforms) = preSolution
		Debug|Any CPU = Debug|Any CPU
		Release|Any CPU = Release|Any CPU
	EndGlobalSection
	GlobalSection(ProjectConfigurationPlatforms) = postSolution
		{9B645F93-AE66-4F06-8E2C-692529E49027}.Debug|Any CPU.ActiveCfg = Debug|Any CPU
		{9B645F93-AE66-4F06-8E2C-692529E49027}.Debug|Any CPU.Build.0 = Debug|Any CPU
		{9B645F93-AE66-4F06-8E2C-692529E49027}.Release|Any CPU.ActiveCfg = Release|Any CPU
		{9B645F93-AE66-4F06-8E2C-692529E49027}.Release|Any CPU.Build.0 = Release|Any CPU
	EndGlobalSection
	GlobalSection(SolutionProperties) = preSolution
		HideSolutionNode = FALSE
	EndGlobalSection
	GlobalSection(ExtensibilityGlobals) = postSolution
		SolutionGuid = {2D32EF3A-546C-4DAB-8E46-1B551CCA5D8F}
	EndGlobalSection
EndGlobal
