
Microsoft Visual Studio Solution File, Format Version 12.00
# Visual Studio Version 17
VisualStudioVersion = 17.13.35931.197 d17.13
MinimumVisualStudioVersion = 10.0.40219.1
Project("{FAE04EC0-301F-11D3-BF4B-00C04F79EFBC}") = "WebApplication2", "WebApplication2\WebApplication2.csproj", "{63DD08EE-5AE1-45AE-8E21-64D8089BE59D}"
EndProject
Global
	GlobalSection(SolutionConfigurationPlatforms) = preSolution
		Debug|Any CPU = Debug|Any CPU
		Release|Any CPU = Release|Any CPU
	EndGlobalSection
	GlobalSection(ProjectConfigurationPlatforms) = postSolution
		{63DD08EE-5AE1-45AE-8E21-64D8089BE59D}.Debug|Any CPU.ActiveCfg = Debug|Any CPU
		{63DD08EE-5AE1-45AE-8E21-64D8089BE59D}.Debug|Any CPU.Build.0 = Debug|Any CPU
		{63DD08EE-5AE1-45AE-8E21-64D8089BE59D}.Release|Any CPU.ActiveCfg = Release|Any CPU
		{63DD08EE-5AE1-45AE-8E21-64D8089BE59D}.Release|Any CPU.Build.0 = Release|Any CPU
	EndGlobalSection
	GlobalSection(SolutionProperties) = preSolution
		HideSolutionNode = FALSE
	EndGlobalSection
	GlobalSection(ExtensibilityGlobals) = postSolution
		SolutionGuid = {F1B22288-0C06-47F4-8212-1EE9D5456F16}
	EndGlobalSection
EndGlobal
